<?xml version="1.0" encoding="UTF-8" standalone="yes" ?>
<CodeBlocks_project_file>
	<FileVersion major="1" minor="6" />
	<Project>
		<Option title="2_Adam_Adrian-Claudiu" />
		<Option pch_mode="2" />
		<Option compiler="gcc" />
		<Build>
			<Target title="Debug">
				<Option output="bin/Debug/2_Adam_Adrian-Claudiu" prefix_auto="1" extension_auto="1" />
				<Option object_output="obj/Debug/" />
				<Option type="1" />
				<Option compiler="gcc" />
				<Compiler>
					<Add option="-g" />
				</Compiler>
			</Target>
			<Target title="Release">
				<Option output="bin/Release/2_Adam_Adrian-Claudiu" prefix_auto="1" extension_auto="1" />
				<Option object_output="obj/Release/" />
				<Option type="1" />
				<Option compiler="gcc" />
				<Compiler>
					<Add option="-O2" />
				</Compiler>
				<Linker>
					<Add option="-s" />
				</Linker>
			</Target>
		</Build>
		<Compiler>
			<Add option="-Wall" />
			<Add option="-fexceptions" />
		</Compiler>
		<Unit filename="include/course.h" />
		<Unit filename="include/display.h" />
		<Unit filename="include/generation.h" />
		<Unit filename="include/gui.h" />
		<Unit filename="include/student.h" />
		<Unit filename="include/training_program.h" />
		<Unit filename="main.cpp" />
		<Unit filename="src/course.cpp" />
		<Unit filename="src/display.cpp" />
		<Unit filename="src/generation.cpp" />
		<Unit filename="src/gui.cpp" />
		<Unit filename="src/student.cpp" />
		<Unit filename="src/training_program.cpp" />
		<Extensions />
	</Project>
</CodeBlocks_project_file>
